# This file is generated by running "yarn install" inside your project.
# Manual changes might be lost - proceed with caution!

__metadata:
  version: 4

"@types/mime-types@npm:^2.1.0":
  version: 2.1.0
  resolution: "@types/mime-types@npm:2.1.0"
  checksum: a115bafb5b1c8f1c4d3824be95dc0a9a7fe33afd33c0402e61a6cb1faf3780762195d97ca9fcd7f3ddcd0772279359fe925d602a695f7fc4aed18ecc4dfe4ccc
  languageName: node
  linkType: hard

"agent-base@npm:5":
  version: 5.1.1
  resolution: "agent-base@npm:5.1.1"
  checksum: 912f521d3fdf32bdc532fa6a80665d78bcc4f0f22d5228a72283ca6f345e4973ec507c93f5f97413c8fbc110c3a57bb2d1a6b61ae7b52cb580a0ca88f9f0021d
  languageName: node
  linkType: hard

"argparse@npm:^1.0.7":
  version: 1.0.10
  resolution: "argparse@npm:1.0.10"
  dependencies:
    sprintf-js: ~1.0.2
  checksum: f0b382b138049618e7958f6345a52b33e673e7ca6baa7c4efa758938a4b586e40467cc198a8b3fda9a8f627078fb46bfe5933fc507d5a07a75d2145e706466d3
  languageName: node
  linkType: hard

"async-limiter@npm:~1.0.0":
  version: 1.0.1
  resolution: "async-limiter@npm:1.0.1"
  checksum: 31ed8a2681eb3bf62151f91ac4ba3c9e7f474c39120ed6a50661635687b911e2d02797bc2304f1a68f7abee83bec30196ea012058a80c6179091afa1c8efc595
  languageName: node
  linkType: hard

"backup@workspace:.":
  version: 0.0.0-use.local
  resolution: "backup@workspace:."
  dependencies:
    fs-extra: ^8.1.0
    js-yaml: ^3.13.1
    node-emoji: ^1.10.0
    path: ^0.12.7
    puppeteer: ^2.1.0
    url: ^0.11.0
  languageName: unknown
  linkType: soft

"balanced-match@npm:^1.0.0":
  version: 1.0.0
  resolution: "balanced-match@npm:1.0.0"
  checksum: 6a1a4021cc9cb35182852582ed42470041430842bbc9d3dfad9536fca203281e4bc6316a017a0b876df0acb8d0d83daa22d5c6483108869c0895582525af9f60
  languageName: node
  linkType: hard

"brace-expansion@npm:^1.1.7":
  version: 1.1.11
  resolution: "brace-expansion@npm:1.1.11"
  dependencies:
    balanced-match: ^1.0.0
    concat-map: 0.0.1
  checksum: 6bf044764309bad6d15c6eabc39e93701643b00192439251afe8b4e0c08f941b840f3c8844b163fc307111459121712fb74e40073ddffb0358f8a640f14ba7b1
  languageName: node
  linkType: hard

"buffer-from@npm:^1.0.0":
  version: 1.1.1
  resolution: "buffer-from@npm:1.1.1"
  checksum: b34c802232998fe342f64398c6bfbcd74c7e3d8115513ccc1c932c8ea0e0a205293847bc69be4c32ed9388ca151f635b005019e0bddbd80a5df34da537d722d6
  languageName: node
  linkType: hard

"concat-map@npm:0.0.1":
  version: 0.0.1
  resolution: "concat-map@npm:0.0.1"
  checksum: b295d07d6ac4f0e3fe511fce7ac74c5f6583e67bace249c32c6b2baa44b2c6220c7c177c9e44954485f37b7e7ec6a6a231447b62137d0fb56b44a7e871ac33e3
  languageName: node
  linkType: hard

"concat-stream@npm:1.6.2":
  version: 1.6.2
  resolution: "concat-stream@npm:1.6.2"
  dependencies:
    buffer-from: ^1.0.0
    inherits: ^2.0.3
    readable-stream: ^2.2.2
    typedarray: ^0.0.6
  checksum: d25429841f1c12fd08f2ce4e2d3faec4682bfce9a16650fac1beb462899491bb453c2625885e0c6a626e316e63fea005fa6029ee52fda12ff8abeb606db44552
  languageName: node
  linkType: hard

"core-util-is@npm:~1.0.0":
  version: 1.0.2
  resolution: "core-util-is@npm:1.0.2"
  checksum: b2aeb723279455a85125383b7067e66d650187adee4151b6587bc28d8334c9d5ebbc6e4bd6c344355191865e1add46fdec83f2a7f4d83889cfe7e586d9fd50b6
  languageName: node
  linkType: hard

"debug@npm:2.6.9":
  version: 2.6.9
  resolution: "debug@npm:2.6.9"
  dependencies:
    ms: 2.0.0
  checksum: 178d6da8132866882a69ee868c68eec1a27297c99a01d8afc72d4b9d8f4fea709bd29c6746be72b2466b2f7d2c29fd95f0b89a3f940df6ca22edc9edad0e804f
  languageName: node
  linkType: hard

"debug@npm:4, debug@npm:^4.1.0":
  version: 4.1.1
  resolution: "debug@npm:4.1.1"
  dependencies:
    ms: ^2.1.1
  checksum: e3bfa1544ced80ac5764aa313530150af442e5ce53f91090f00e3aff33a8b535ce60a7502d1451b3cbc2b9cd6994b3a08a38fbd3ff7a2ec801ad79d8b457b8e8
  languageName: node
  linkType: hard

"esprima@npm:^4.0.0":
  version: 4.0.1
  resolution: "esprima@npm:4.0.1"
  bin:
    esparse: ./bin/esparse.js
    esvalidate: ./bin/esvalidate.js
  checksum: a9bec67e9a3dfccc29a2d54c65a3210129668b3eeae7fe296145bc564c963c4d1d7be101dd13fbe65000414ac07f35bd2f85ac9d3254016e5a2f3aa13d18caf1
  languageName: node
  linkType: hard

"extract-zip@npm:^1.6.6":
  version: 1.6.7
  resolution: "extract-zip@npm:1.6.7"
  dependencies:
    concat-stream: 1.6.2
    debug: 2.6.9
    mkdirp: 0.5.1
    yauzl: 2.4.1
  bin:
    extract-zip: cli.js
  checksum: d6fc6beb0cbe594a75f0a78f3a450ce37bcda571dda6fc3584f23d7871afa6a9a7eaaf677991d6230f56fcea107fadffdcf0fc5f0baadcad211c6d1f392e57a2
  languageName: node
  linkType: hard

"fd-slicer@npm:~1.0.1":
  version: 1.0.1
  resolution: "fd-slicer@npm:1.0.1"
  dependencies:
    pend: ~1.2.0
  checksum: 3efdda7979e6dfcfba63d742a379650c1fde77361ef81b2f35fe8d09c75fc16ad0c369832dd941bc8070090f204eb3922a1588d1b766fcaec240661fc52face5
  languageName: node
  linkType: hard

"fs-extra@npm:^8.1.0":
  version: 8.1.0
  resolution: "fs-extra@npm:8.1.0"
  dependencies:
    graceful-fs: ^4.2.0
    jsonfile: ^4.0.0
    universalify: ^0.1.0
  checksum: fe173c88b1daa8f1e26001fd55c0a659087b5507ca2f8188ee3ae01d090f0c44d083fe6b56414d5fe744cd3414570aab4dfed884c05f6a91cdddd3d9084cc3f6
  languageName: node
  linkType: hard

"fs.realpath@npm:^1.0.0":
  version: 1.0.0
  resolution: "fs.realpath@npm:1.0.0"
  checksum: 7838256cafb93ee7a40754e7fdcae9c6e57b12528e22ae51a10bc6161ad6a647931dd99aa95ddf3a4ce8501766f78e57a56ed010043dddf8dddb4ad5af616acb
  languageName: node
  linkType: hard

"glob@npm:^7.1.3":
  version: 7.1.6
  resolution: "glob@npm:7.1.6"
  dependencies:
    fs.realpath: ^1.0.0
    inflight: ^1.0.4
    inherits: 2
    minimatch: ^3.0.4
    once: ^1.3.0
    path-is-absolute: ^1.0.0
  checksum: 1e4476a9b7a81eec0bcfee78de4c27a40d2bde349eb04a63c58636acf8dc5ad8c68bc47c841bf7de5fde22696b1d2a737ada65e66c2359a0b3195fafc1316814
  languageName: node
  linkType: hard

"graceful-fs@npm:^4.1.6, graceful-fs@npm:^4.2.0":
  version: 4.2.3
  resolution: "graceful-fs@npm:4.2.3"
  checksum: ed0570de762f98ddeaff67a54375d9869eda6ac5fd0c55e1783ce13fbf8ed3c6f1243bc459a7c848d20a916e20985c0c80a544f18a2a9a14ab8dee4a77285fcd
  languageName: node
  linkType: hard

"https-proxy-agent@npm:^4.0.0":
  version: 4.0.0
  resolution: "https-proxy-agent@npm:4.0.0"
  dependencies:
    agent-base: 5
    debug: 4
  checksum: 2f9d4fd7e0e15fdd30d2d3e77636f106194714cb4042cd498b9cd4aac3ca04dba2e970ab5f5d0fc36d6e63f3fde327057ba62c6b047d18b6657994245498dae9
  languageName: node
  linkType: hard

"inflight@npm:^1.0.4":
  version: 1.0.6
  resolution: "inflight@npm:1.0.6"
  dependencies:
    once: ^1.3.0
    wrappy: 1
  checksum: 4ae4f2a43120647487d1650aaecd81044692397040d46d38257c349f142889be56ffb23f599c09dadc4287baeb4f3381e304e7eef111d7c7fec00def06111c4c
  languageName: node
  linkType: hard

"inherits@npm:2, inherits@npm:^2.0.3, inherits@npm:~2.0.3":
  version: 2.0.4
  resolution: "inherits@npm:2.0.4"
  checksum: d11734fde3095ce63e83a4be33779c8597b0c95edec3efcadf9a78a9312a520028e25acb2d126656005791550f9f2e17de3ea6abeb026fa24627401e5e174d6c
  languageName: node
  linkType: hard

"inherits@npm:2.0.3":
  version: 2.0.3
  resolution: "inherits@npm:2.0.3"
  checksum: 7e20ced2334a7f9ea37288769037a186377028a52827ef7fd9d6aeed1ee7466357428cd1cba376c517735ad93d15c295e406b3e29ee10729ab04955f45ec489b
  languageName: node
  linkType: hard

"isarray@npm:~1.0.0":
  version: 1.0.0
  resolution: "isarray@npm:1.0.0"
  checksum: f82bc93a43f4344cbbab83bc40645f211e14ba2e1b696c75de07a6a6a16e6dc2bd45b60be0a4eedff281bbd7ca2de18801687d529470d3583cc39c432a9bd208
  languageName: node
  linkType: hard

"js-yaml@npm:^3.13.1":
  version: 3.13.1
  resolution: "js-yaml@npm:3.13.1"
  dependencies:
    argparse: ^1.0.7
    esprima: ^4.0.0
  bin:
    js-yaml: bin/js-yaml.js
  checksum: 4860a95f2baf230cda4bb5f3fc06e7bb504324f75732c683d625cfeb987686b40bb68ad838960ad6e39d152e790d75dba380c31032757968c75a1eeecdec8b63
  languageName: node
  linkType: hard

"jsonfile@npm:^4.0.0":
  version: 4.0.0
  resolution: "jsonfile@npm:4.0.0"
  dependencies:
    graceful-fs: ^4.1.6
  dependenciesMeta:
    graceful-fs:
      optional: true
  checksum: a90ca8a5bde33b9ff0ce4bf5a6a5f6c418cdf50af218b8719e3a49f7804e98b7552717ab7eb4870684673529dee42b12e3a22753facda1baca40960b4ab14a52
  languageName: node
  linkType: hard

"lodash.toarray@npm:^4.4.0":
  version: 4.4.0
  resolution: "lodash.toarray@npm:4.4.0"
  checksum: 078238f297399c46f30950ffca02eefd509fc6d81f0a0ab14cbb06ff92062704c523fe48f187ca71ff266f3ad3c5b1ae624505ce650bd1480873511b5b1b52dc
  languageName: node
  linkType: hard

"mime-db@npm:1.43.0":
  version: 1.43.0
  resolution: "mime-db@npm:1.43.0"
  checksum: 6d5c57eb9a3c86956b4e0dd3b13bf250d90efe0516923a3c02acd6b0161794f0fd2e4afa67cbe7e855acaeca5c74217e0c6abfe9c4a16182eb2e0a100f390d55
  languageName: node
  linkType: hard

"mime-types@npm:^2.1.25":
  version: 2.1.26
  resolution: "mime-types@npm:2.1.26"
  dependencies:
    mime-db: 1.43.0
  checksum: b345c551288e8de46bb36628954f0c773289963ee77254d56feee314295a2eccb6dd165636c6e76732f4b893bb3ea743e91c0e24a1ca02046653718ec1142ada
  languageName: node
  linkType: hard

"mime@npm:^2.0.3":
  version: 2.4.4
  resolution: "mime@npm:2.4.4"
  bin:
    mime: cli.js
  checksum: 836f5c80a857ac8e3e314c6c6a30ac5822dbb19d055ee71df7d3ac9f7e215feb24a722b88faab104b65e5d3ff4b821e279ca516bf22675fe1f0b59fdd099ec51
  languageName: node
  linkType: hard

"minimatch@npm:^3.0.4":
  version: 3.0.4
  resolution: "minimatch@npm:3.0.4"
  dependencies:
    brace-expansion: ^1.1.7
  checksum: c32249a40b1dbbb8d836495877d91874fcf6ce9c287409c41bcb3efe5ad67e21512a459a4ae3ce9b32e1df376c1cde14cbe9fe3ba17f703c2b253993577f4ccf
  languageName: node
  linkType: hard

"minimist@npm:0.0.8":
  version: 0.0.8
  resolution: "minimist@npm:0.0.8"
  checksum: 007f9b6af3b3eeb48eb7f8df6384e57daa112db8cae745f55539835e1900eab0242cca890cb4420e7361bcad397eba316b24317d995b1f452c1486cf6fb09934
  languageName: node
  linkType: hard

"mkdirp@npm:0.5.1":
  version: 0.5.1
  resolution: "mkdirp@npm:0.5.1"
  dependencies:
    minimist: 0.0.8
  bin:
    mkdirp: bin/cmd.js
  checksum: ab0413777774b9c8255bce8e43b4e355bf329f7da0e3db007d6d370567cd82a858bd2aff028b7c5d39ff19bfd26b3c29d8e7ae706bd768a114ae95fbc9311b51
  languageName: node
  linkType: hard

"ms@npm:2.0.0":
  version: 2.0.0
  resolution: "ms@npm:2.0.0"
  checksum: 531c5c3f1d224510ab703166ad6883762bfbc0465c5b43dd8e2aa29e95ac141ca77e5704b7810d4c649d45580e9f78fa8febfe9ffec6a08424033f31089c83fd
  languageName: node
  linkType: hard

"ms@npm:^2.1.1":
  version: 2.1.2
  resolution: "ms@npm:2.1.2"
  checksum: 2a3d955e5199024d4b18630ff47c21b52703a5e892615ae233486b8108f26b5493736009754263eebae765ab79d6e20327dad6e52d7843b689d404245e286549
  languageName: node
  linkType: hard

"node-emoji@npm:^1.10.0":
  version: 1.10.0
  resolution: "node-emoji@npm:1.10.0"
  dependencies:
    lodash.toarray: ^4.4.0
  checksum: f36b78eb150bc0ae54e9c5ecc09582a461f740016fffd5aaaf98573d20f7bbf971a2f8517090829eb25e7c9f776665798c6a7422f9f5364893a2870f30cf5df2
  languageName: node
  linkType: hard

"once@npm:^1.3.0":
  version: 1.4.0
  resolution: "once@npm:1.4.0"
  dependencies:
    wrappy: 1
  checksum: 47a04404e9aa3a209a7e536b199780fe75aba04df0a035b221285f2f703d0ab58286ffb402ff7cb5a3b894d0e86685eb4fc2766ce7a19555c14221437f248c03
  languageName: node
  linkType: hard

"path-is-absolute@npm:^1.0.0":
  version: 1.0.1
  resolution: "path-is-absolute@npm:1.0.1"
  checksum: 0e197d7cfa28209bce077b65646e21beb9a9980cc2b57efa4a4bf3b3331ec003f823bfec0948326264a2cbc57645a666cf911eb5d949d627d9e788280cccaa07
  languageName: node
  linkType: hard

"path@npm:^0.12.7":
  version: 0.12.7
  resolution: "path@npm:0.12.7"
  dependencies:
    process: ^0.11.1
    util: ^0.10.3
  checksum: eed34954356be85dcfb3a843dbb5f3211fc21233cc6cc770342768808fc3f8710720f46cc9ea295a498f91f13243d7741d7037e75b5f4d008c81e357ea1520cf
  languageName: node
  linkType: hard

"pend@npm:~1.2.0":
  version: 1.2.0
  resolution: "pend@npm:1.2.0"
  checksum: cb22897b37846fcfced0a8919fc5fd094b487c22abef53593088ffcb150401a0a0eac0ee17b25f648932321bcc500439cb5fb45de8ad7067ed39a260a4c42eac
  languageName: node
  linkType: hard

"process-nextick-args@npm:~2.0.0":
  version: 2.0.1
  resolution: "process-nextick-args@npm:2.0.1"
  checksum: 377ec5e917f1d61dbdf7dec109cb673ff6935b15735b11248f2078e56af14b1e735b6f0397e41813ab5fa1fa506d1ab161991f0737ddec98b6412e75b83c0806
  languageName: node
  linkType: hard

"process@npm:^0.11.1":
  version: 0.11.10
  resolution: "process@npm:0.11.10"
  checksum: 9d455a430274f3cddc0f67b318eb0cfe549c802482aa8eb2088152686a323cda8b0e3a2eb91c3f8fc3b12673cbf949bee3f499c36da63cbcaa165c65262fcd25
  languageName: node
  linkType: hard

"progress@npm:^2.0.1":
  version: 2.0.3
  resolution: "progress@npm:2.0.3"
  checksum: 32bae4231a6c78481aa173b4239746b15208471a9c6fc27ba602d1ef08d79b689d6ffedb8027a227386258654f6ea10866ef4b4db38ba4a2a8a5622171d586c6
  languageName: node
  linkType: hard

"proxy-from-env@npm:^1.0.0":
  version: 1.0.0
  resolution: "proxy-from-env@npm:1.0.0"
  checksum: 7987d7df470c16b78eeedc7265636f23d5fe3269bc92371e7cd4820ddfcaa8bd12417711818633e9cd972c2a0776faf976c3caefa4eb3e3483d3c954a950b79e
  languageName: node
  linkType: hard

"punycode@npm:1.3.2":
  version: 1.3.2
  resolution: "punycode@npm:1.3.2"
  checksum: e064f30e221be5c3c5d6b6a91c16c195507c80d44b3697f309cbf5d45d968dd0706335ceece9d0d4bc122ea391c699a3be78753bd4f03d972c1e4b82f0a6c682
  languageName: node
  linkType: hard

"puppeteer@npm:^2.1.0":
  version: 2.1.0
  resolution: "puppeteer@npm:2.1.0"
  dependencies:
    "@types/mime-types": ^2.1.0
    debug: ^4.1.0
    extract-zip: ^1.6.6
    https-proxy-agent: ^4.0.0
    mime: ^2.0.3
    mime-types: ^2.1.25
    progress: ^2.0.1
    proxy-from-env: ^1.0.0
    rimraf: ^2.6.1
    ws: ^6.1.0
  checksum: f699bdeca10a3b5d34d975896229bd6c65d2225998132657d74c77da712e19e2b7241945d7d963dbec4b97027f7547b9fe7ca7b5b8cd522a0791fdfdc2070287
  languageName: node
  linkType: hard

"querystring@npm:0.2.0":
  version: 0.2.0
  resolution: "querystring@npm:0.2.0"
  checksum: ea92066294ae822bff51017a5d57d8364a6687304506a638682f9a033faa360f0fc3cb40efb1b47037219d927f6170a78deeccba7bd332788d2c87618c157743
  languageName: node
  linkType: hard

"readable-stream@npm:^2.2.2":
  version: 2.3.7
  resolution: "readable-stream@npm:2.3.7"
  dependencies:
    core-util-is: ~1.0.0
    inherits: ~2.0.3
    isarray: ~1.0.0
    process-nextick-args: ~2.0.0
    safe-buffer: ~5.1.1
    string_decoder: ~1.1.1
    util-deprecate: ~1.0.1
  checksum: db7e5f72c0cb5429d0b0ae1298dc77a3a1cc79bf448014c0dbd76d9baaaeb9452fd4b39481ea4c35cfef342558dc57e4f2ebd0acfb398da47b1d161e68d676ad
  languageName: node
  linkType: hard

"rimraf@npm:^2.6.1":
  version: 2.7.1
  resolution: "rimraf@npm:2.7.1"
  dependencies:
    glob: ^7.1.3
  bin:
    rimraf: ./bin.js
  checksum: 580678159cca56caf1a5600414716c66ffae68e2c8e31991080f304cf19a3c6b84983cd11405da22bd8b508dd60d492d573bb4e76b7ac8c080cf03f54fcb529e
  languageName: node
  linkType: hard

"safe-buffer@npm:~5.1.0, safe-buffer@npm:~5.1.1":
  version: 5.1.2
  resolution: "safe-buffer@npm:5.1.2"
  checksum: 55f6e9116b875a5459a13fd1949d90ed6932f1c6fef70460896abcdf666852cb2119a12435ebbe823416ec49bc3fa5716ff2cc0dd36b9512631148e5113c145e
  languageName: node
  linkType: hard

"sprintf-js@npm:~1.0.2":
  version: 1.0.3
  resolution: "sprintf-js@npm:1.0.3"
  checksum: 17cbfc6bf2a82ae6548e3b0b4d3d65b09961cde328feb978b823b22da8a9243477ef3ffe96b64e56d3b333d49aaad0feb55580e27c78a40bc092caf139ff048e
  languageName: node
  linkType: hard

"string_decoder@npm:~1.1.1":
  version: 1.1.1
  resolution: "string_decoder@npm:1.1.1"
  dependencies:
    safe-buffer: ~5.1.0
  checksum: 99ca1c4880b1098df6d25f59771f2ef2f1ca13ab6a239b050809d78501f5b8e1d00dcf85dc6153678784b13e990f5b1c634eead820114e32b342e40c1fe91713
  languageName: node
  linkType: hard

"typedarray@npm:^0.0.6":
  version: 0.0.6
  resolution: "typedarray@npm:0.0.6"
  checksum: ac7ba7703641f111b6f3952033ebed4bc68f09afeef7dcc250bcf53653008a119a0904a00183a61e2ef96f19f59de6af28b462005be561612c6ff5dbdf30c8bd
  languageName: node
  linkType: hard

"universalify@npm:^0.1.0":
  version: 0.1.2
  resolution: "universalify@npm:0.1.2"
  checksum: d42e93c813408da203add373e208b4ee98a68dfa8832b84a9f116babf7610637cf569d20964d23227b4a7ad960477ae78144b4b119b999442813957b8cedabcc
  languageName: node
  linkType: hard

"url@npm:^0.11.0":
  version: 0.11.0
  resolution: "url@npm:0.11.0"
  dependencies:
    punycode: 1.3.2
    querystring: 0.2.0
  checksum: a125c9c13316834ed0ea67ed7f036ebca9da7009eafe3ca2410cc927432d51f69d9e82d8136fbd45ae85f5892db5a67670ca03e64b11c435db1500a93d15993e
  languageName: node
  linkType: hard

"util-deprecate@npm:~1.0.1":
  version: 1.0.2
  resolution: "util-deprecate@npm:1.0.2"
  checksum: 7bd691844e8e12f228777c3c718efaee35284c4422cf215f394fc2b56b5bbc8fef979fc1ab086e66f195227941270d7267c8105e871617f27fa292ec9fa83933
  languageName: node
  linkType: hard

"util@npm:^0.10.3":
  version: 0.10.4
  resolution: "util@npm:0.10.4"
  dependencies:
    inherits: 2.0.3
  checksum: bdf23f9f67d35a1110765465e4560ecc22ea1421276e6608e85db558e30bbb085f96f96fda33681284bac3209644a20a45760506e8b4d7b499702fa6467b02f2
  languageName: node
  linkType: hard

"wrappy@npm:1":
  version: 1.0.2
  resolution: "wrappy@npm:1.0.2"
  checksum: 0796da084f06bced2351fed9686a7211f4a4b774a7a3b64c7ead1b3bef162b1721f2a1d3fb1268bf2e848c9d743eca189c2a243159a1512d5dfab4b0d4dd60b5
  languageName: node
  linkType: hard

"ws@npm:^6.1.0":
  version: 6.2.1
  resolution: "ws@npm:6.2.1"
  dependencies:
    async-limiter: ~1.0.0
  checksum: 731ad2205472faf91c33e09240cf36f0941e7e627c1adb3287d00810e1b308cc346526eeca6ef2f60f12be2313c3a76582bd1ff4c12d6aec6968457273741e6f
  languageName: node
  linkType: hard

"yauzl@npm:2.4.1":
  version: 2.4.1
  resolution: "yauzl@npm:2.4.1"
  dependencies:
    fd-slicer: ~1.0.1
  checksum: 83fed93b3240a59c2371af89d9578640e43e31e38de02e47d1c37b59f9330aa3842e7d9f34f219ac4af74c831288d52efad67d5cf6fb1644619133faf3760f17
  languageName: node
  linkType: hard
